
Microsoft Visual Studio Solution File, Format Version 12.00
# Visual Studio 15
VisualStudioVersion = 15.0.27703.2035
MinimumVisualStudioVersion = 10.0.40219.1
Project("{FAE04EC0-301F-11D3-BF4B-00C04F79EFBC}") = "Server", "Server\Server.csproj", "{5044EAFB-383D-44ED-9C7D-3B995AB0B824}"
EndProject
Global
	GlobalSection(SolutionConfigurationPlatforms) = preSolution
		Debug|Any CPU = Debug|Any CPU
		Release|Any CPU = Release|Any CPU
	EndGlobalSection
	GlobalSection(ProjectConfigurationPlatforms) = postSolution
		{5044EAFB-383D-44ED-9C7D-3B995AB0B824}.Debug|Any CPU.ActiveCfg = Debug|Any CPU
		{5044EAFB-383D-44ED-9C7D-3B995AB0B824}.Debug|Any CPU.Build.0 = Debug|Any CPU
		{5044EAFB-383D-44ED-9C7D-3B995AB0B824}.Release|Any CPU.ActiveCfg = Release|Any CPU
		{5044EAFB-383D-44ED-9C7D-3B995AB0B824}.Release|Any CPU.Build.0 = Release|Any CPU
	EndGlobalSection
	GlobalSection(SolutionProperties) = preSolution
		HideSolutionNode = FALSE
	EndGlobalSection
	GlobalSection(ExtensibilityGlobals) = postSolution
		SolutionGuid = {15FD4D5A-8C78-4D72-8AD9-2A8BF5EDBD43}
	EndGlobalSection
EndGlobal
